
Microsoft Visual Studio Solution File, Format Version 12.00
Project("{FAE04EC0-301F-11D3-BF4B-00C04F79EFBC}") = "mg.API", "mg.API\mg.API.csproj", "{E89C615C-EF0E-4DBE-ADA6-ED01150E518B}"
EndProject
Project("{FAE04EC0-301F-11D3-BF4B-00C04F79EFBC}") = "mg.Entity", "mg.Entity\mg.Entity.csproj", "{04E9BEC2-320A-430F-97C8-F09AA9F1FF62}"
EndProject
Project("{FAE04EC0-301F-11D3-BF4B-00C04F79EFBC}") = "mg.DataAcces", "mg.DataAcces\mg.DataAcces.csproj", "{F8C72D12-2D7C-432F-B5EF-3103D3D0C944}"
EndProject
Project("{FAE04EC0-301F-11D3-BF4B-00C04F79EFBC}") = "mg.Business", "mg.Business\mg.Business.csproj", "{DA0A70EB-C5C8-4DD1-8E73-FC1A7832C306}"
EndProject
Project("{FAE04EC0-301F-11D3-BF4B-00C04F79EFBC}") = "mg.DTO", "mg.DTO\mg.DTO.csproj", "{759B26CC-B800-4F63-B756-51E2D7BB7B9C}"
EndProject
Project("{FAE04EC0-301F-11D3-BF4B-00C04F79EFBC}") = "mg.WebUI", "mg.WebUI\mg.WebUI.csproj", "{77492A8D-5FFF-49C4-82D9-A9250B450A1B}"
EndProject
Global
	GlobalSection(SolutionConfigurationPlatforms) = preSolution
		Debug|Any CPU = Debug|Any CPU
		Release|Any CPU = Release|Any CPU
	EndGlobalSection
	GlobalSection(ProjectConfigurationPlatforms) = postSolution
		{E89C615C-EF0E-4DBE-ADA6-ED01150E518B}.Debug|Any CPU.ActiveCfg = Debug|Any CPU
		{E89C615C-EF0E-4DBE-ADA6-ED01150E518B}.Debug|Any CPU.Build.0 = Debug|Any CPU
		{E89C615C-EF0E-4DBE-ADA6-ED01150E518B}.Release|Any CPU.ActiveCfg = Release|Any CPU
		{E89C615C-EF0E-4DBE-ADA6-ED01150E518B}.Release|Any CPU.Build.0 = Release|Any CPU
		{04E9BEC2-320A-430F-97C8-F09AA9F1FF62}.Debug|Any CPU.ActiveCfg = Debug|Any CPU
		{04E9BEC2-320A-430F-97C8-F09AA9F1FF62}.Debug|Any CPU.Build.0 = Debug|Any CPU
		{04E9BEC2-320A-430F-97C8-F09AA9F1FF62}.Release|Any CPU.ActiveCfg = Release|Any CPU
		{04E9BEC2-320A-430F-97C8-F09AA9F1FF62}.Release|Any CPU.Build.0 = Release|Any CPU
		{F8C72D12-2D7C-432F-B5EF-3103D3D0C944}.Debug|Any CPU.ActiveCfg = Debug|Any CPU
		{F8C72D12-2D7C-432F-B5EF-3103D3D0C944}.Debug|Any CPU.Build.0 = Debug|Any CPU
		{F8C72D12-2D7C-432F-B5EF-3103D3D0C944}.Release|Any CPU.ActiveCfg = Release|Any CPU
		{F8C72D12-2D7C-432F-B5EF-3103D3D0C944}.Release|Any CPU.Build.0 = Release|Any CPU
		{DA0A70EB-C5C8-4DD1-8E73-FC1A7832C306}.Debug|Any CPU.ActiveCfg = Debug|Any CPU
		{DA0A70EB-C5C8-4DD1-8E73-FC1A7832C306}.Debug|Any CPU.Build.0 = Debug|Any CPU
		{DA0A70EB-C5C8-4DD1-8E73-FC1A7832C306}.Release|Any CPU.ActiveCfg = Release|Any CPU
		{DA0A70EB-C5C8-4DD1-8E73-FC1A7832C306}.Release|Any CPU.Build.0 = Release|Any CPU
		{759B26CC-B800-4F63-B756-51E2D7BB7B9C}.Debug|Any CPU.ActiveCfg = Debug|Any CPU
		{759B26CC-B800-4F63-B756-51E2D7BB7B9C}.Debug|Any CPU.Build.0 = Debug|Any CPU
		{759B26CC-B800-4F63-B756-51E2D7BB7B9C}.Release|Any CPU.ActiveCfg = Release|Any CPU
		{759B26CC-B800-4F63-B756-51E2D7BB7B9C}.Release|Any CPU.Build.0 = Release|Any CPU
		{77492A8D-5FFF-49C4-82D9-A9250B450A1B}.Debug|Any CPU.ActiveCfg = Debug|Any CPU
		{77492A8D-5FFF-49C4-82D9-A9250B450A1B}.Debug|Any CPU.Build.0 = Debug|Any CPU
		{77492A8D-5FFF-49C4-82D9-A9250B450A1B}.Release|Any CPU.ActiveCfg = Release|Any CPU
		{77492A8D-5FFF-49C4-82D9-A9250B450A1B}.Release|Any CPU.Build.0 = Release|Any CPU
	EndGlobalSection
EndGlobal
